
Microsoft Visual Studio Solution File, Format Version 12.00
Project("{FAE04EC0-301F-11D3-BF4B-00C04F79EFBC}") = "FlightDetails.Api", "FlightDetails.Api\FlightDetails.Api.csproj", "{FC74310F-76C8-484D-A896-816B09C75F6A}"
EndProject
Global
	GlobalSection(SolutionConfigurationPlatforms) = preSolution
		Debug|Any CPU = Debug|Any CPU
		Release|Any CPU = Release|Any CPU
	EndGlobalSection
	GlobalSection(ProjectConfigurationPlatforms) = postSolution
		{FC74310F-76C8-484D-A896-816B09C75F6A}.Debug|Any CPU.ActiveCfg = Debug|Any CPU
		{FC74310F-76C8-484D-A896-816B09C75F6A}.Debug|Any CPU.Build.0 = Debug|Any CPU
		{FC74310F-76C8-484D-A896-816B09C75F6A}.Release|Any CPU.ActiveCfg = Release|Any CPU
		{FC74310F-76C8-484D-A896-816B09C75F6A}.Release|Any CPU.Build.0 = Release|Any CPU
	EndGlobalSection
EndGlobal
